
Microsoft Visual Studio Solution File, Format Version 12.00
# Visual Studio 15
VisualStudioVersion = 15.0.28307.168
MinimumVisualStudioVersion = 10.0.40219.1
Project("{FAE04EC0-301F-11D3-BF4B-00C04F79EFBC}") = "WebService", "WebService\WebService.csproj", "{31A1FB28-5F49-4512-BB27-1F8410AB648B}"
EndProject
Global
	GlobalSection(SolutionConfigurationPlatforms) = preSolution
		Debug|Any CPU = Debug|Any CPU
		Release|Any CPU = Release|Any CPU
	EndGlobalSection
	GlobalSection(ProjectConfigurationPlatforms) = postSolution
		{31A1FB28-5F49-4512-BB27-1F8410AB648B}.Debug|Any CPU.ActiveCfg = Debug|Any CPU
		{31A1FB28-5F49-4512-BB27-1F8410AB648B}.Debug|Any CPU.Build.0 = Debug|Any CPU
		{31A1FB28-5F49-4512-BB27-1F8410AB648B}.Release|Any CPU.ActiveCfg = Release|Any CPU
		{31A1FB28-5F49-4512-BB27-1F8410AB648B}.Release|Any CPU.Build.0 = Release|Any CPU
	EndGlobalSection
	GlobalSection(SolutionProperties) = preSolution
		HideSolutionNode = FALSE
	EndGlobalSection
	GlobalSection(ExtensibilityGlobals) = postSolution
		SolutionGuid = {3BF49F29-860F-4A5C-9D98-8AB74E43F40C}
	EndGlobalSection
EndGlobal
